{
  "originHash" : "9ae224944cdd9b93d20b90cf52015358525a1b811d5af9af525f90885a0d7a56",
  "pins" : [
    {
      "identity" : "audiokit",
      "kind" : "remoteSourceControl",
      "location" : "https://github.com/AudioKit/AudioKit",
      "state" : {
        "revision" : "2ebd422855e4645d3169f83d1765d1c8196b4f46",
        "version" : "5.6.4"
      }
    },
    {
      "identity" : "controls",
      "kind" : "remoteSourceControl",
      "location" : "https://github.com/AudioKit/Controls",
      "state" : {
        "revision" : "4dd10370125af7f1e26d7a71b2c5929bb3c95087",
        "version" : "1.1.4"
      }
    },
    {
      "identity" : "keyboard",
      "kind" : "remoteSourceControl",
      "location" : "https://github.com/AudioKit/Keyboard",
      "state" : {
        "revision" : "538dea4edb44ba5de0cdc318ae1904f5ee8fb12f",
        "version" : "1.3.7"
      }
    },
    {
      "identity" : "midikit",
      "kind" : "remoteSourceControl",
      "location" : "https://github.com/orchetect/MIDIKit",
      "state" : {
        "revision" : "1ad21de792318592ca7433e4626197e7a4c5e589",
        "version" : "0.9.6"
      }
    },
    {
      "identity" : "timecodekit",
      "kind" : "remoteSourceControl",
      "location" : "https://github.com/orchetect/TimecodeKit",
      "state" : {
        "revision" : "63ba241b35675a23802f0937c5b938e74e4f9aea",
        "version" : "2.0.10"
      }
    },
    {
      "identity" : "tonic",
      "kind" : "remoteSourceControl",
      "location" : "https://github.com/AudioKit/Tonic.git",
      "state" : {
        "revision" : "ed84c6add1c34895c8548632d50a19e9125b28d8",
        "version" : "1.4.0"
      }
    }
  ],
  "version" : 3
}
